// !$*UTF8*$!
{
	archiveVersion = 1;
	classes = {
	};
	objectVersion = 55;
	objects = {

/* Begin PBXBuildFile section */
		BFA798272871EF4800834DC3 /* Constants.swift in Sources */ = {isa = PBXBuildFile; fileRef = BFA798262871EF4800834DC3 /* Constants.swift */; };
		BFACF647286CF8CD0052352A /* TimerView.swift in Sources */ = {isa = PBXBuildFile; fileRef = BFACF646286CF8CD0052352A /* TimerView.swift */; };
		BFACF649286DC63B0052352A /* OfferActivatedView.swift in Sources */ = {isa = PBXBuildFile; fileRef = BFACF648286DC63B0052352A /* OfferActivatedView.swift */; };
		BFACF64C286DD18E0052352A /* LabelExtansions.swift in Sources */ = {isa = PBXBuildFile; fileRef = BFACF64B286DD18E0052352A /* LabelExtansions.swift */; };
		BFACF64E286DD9980052352A /* TimerManager.swift in Sources */ = {isa = PBXBuildFile; fileRef = BFACF64D286DD9980052352A /* TimerManager.swift */; };
		BFB11B81287053AC00E73319 /* DevicesList.swift in Sources */ = {isa = PBXBuildFile; fileRef = BFB11B80287053AC00E73319 /* DevicesList.swift */; };
		BFBFE5FB286F9FF500CC8EAB /* GradientButton.swift in Sources */ = {isa = PBXBuildFile; fileRef = BFBFE5FA286F9FF500CC8EAB /* GradientButton.swift */; };
		BFC2D0032870800B00775699 /* DiscountPresenter.swift in Sources */ = {isa = PBXBuildFile; fileRef = BFC2D0022870800B00775699 /* DiscountPresenter.swift */; };
		BFC2D006287080F200775699 /* ModuleBuilder.swift in Sources */ = {isa = PBXBuildFile; fileRef = BFC2D004287080F200775699 /* ModuleBuilder.swift */; };
		BFC2D007287080F200775699 /* Router.swift in Sources */ = {isa = PBXBuildFile; fileRef = BFC2D005287080F200775699 /* Router.swift */; };
		BFC2D00E2870B66700775699 /* PopupPresenter.swift in Sources */ = {isa = PBXBuildFile; fileRef = BFC2D00D2870B66700775699 /* PopupPresenter.swift */; };
		BFC9565F286CC01C002A5827 /* AppDelegate.swift in Sources */ = {isa = PBXBuildFile; fileRef = BFC9565E286CC01C002A5827 /* AppDelegate.swift */; };
		BFC95661286CC01C002A5827 /* SceneDelegate.swift in Sources */ = {isa = PBXBuildFile; fileRef = BFC95660286CC01C002A5827 /* SceneDelegate.swift */; };
		BFC95663286CC01C002A5827 /* DiscountView.swift in Sources */ = {isa = PBXBuildFile; fileRef = BFC95662286CC01C002A5827 /* DiscountView.swift */; };
		BFC95668286CC021002A5827 /* Assets.xcassets in Resources */ = {isa = PBXBuildFile; fileRef = BFC95667286CC021002A5827 /* Assets.xcassets */; };
		BFC9566B286CC021002A5827 /* LaunchScreen.storyboard in Resources */ = {isa = PBXBuildFile; fileRef = BFC95669286CC021002A5827 /* LaunchScreen.storyboard */; };
/* End PBXBuildFile section */

/* Begin PBXFileReference section */
		BFA798262871EF4800834DC3 /* Constants.swift */ = {isa = PBXFileReference; lastKnownFileType = sourcecode.swift; path = Constants.swift; sourceTree = "<group>"; };
		BFACF646286CF8CD0052352A /* TimerView.swift */ = {isa = PBXFileReference; lastKnownFileType = sourcecode.swift; path = TimerView.swift; sourceTree = "<group>"; };
		BFACF648286DC63B0052352A /* OfferActivatedView.swift */ = {isa = PBXFileReference; lastKnownFileType = sourcecode.swift; path = OfferActivatedView.swift; sourceTree = "<group>"; };
		BFACF64B286DD18E0052352A /* LabelExtansions.swift */ = {isa = PBXFileReference; lastKnownFileType = sourcecode.swift; path = LabelExtansions.swift; sourceTree = "<group>"; };
		BFACF64D286DD9980052352A /* TimerManager.swift */ = {isa = PBXFileReference; lastKnownFileType = sourcecode.swift; path = TimerManager.swift; sourceTree = "<group>"; };
		BFB11B80287053AC00E73319 /* DevicesList.swift */ = {isa = PBXFileReference; lastKnownFileType = sourcecode.swift; path = DevicesList.swift; sourceTree = "<group>"; };
		BFBFE5FA286F9FF500CC8EAB /* GradientButton.swift */ = {isa = PBXFileReference; lastKnownFileType = sourcecode.swift; path = GradientButton.swift; sourceTree = "<group>"; };
		BFC2D0022870800B00775699 /* DiscountPresenter.swift */ = {isa = PBXFileReference; fileEncoding = 4; lastKnownFileType = sourcecode.swift; path = DiscountPresenter.swift; sourceTree = "<group>"; };
		BFC2D004287080F200775699 /* ModuleBuilder.swift */ = {isa = PBXFileReference; fileEncoding = 4; lastKnownFileType = sourcecode.swift; path = ModuleBuilder.swift; sourceTree = "<group>"; };
		BFC2D005287080F200775699 /* Router.swift */ = {isa = PBXFileReference; fileEncoding = 4; lastKnownFileType = sourcecode.swift; path = Router.swift; sourceTree = "<group>"; };
		BFC2D00D2870B66700775699 /* PopupPresenter.swift */ = {isa = PBXFileReference; lastKnownFileType = sourcecode.swift; path = PopupPresenter.swift; sourceTree = "<group>"; };
		BFC9565B286CC01C002A5827 /* Gismart_Test.app */ = {isa = PBXFileReference; explicitFileType = wrapper.application; includeInIndex = 0; path = Gismart_Test.app; sourceTree = BUILT_PRODUCTS_DIR; };
		BFC9565E286CC01C002A5827 /* AppDelegate.swift */ = {isa = PBXFileReference; lastKnownFileType = sourcecode.swift; path = AppDelegate.swift; sourceTree = "<group>"; };
		BFC95660286CC01C002A5827 /* SceneDelegate.swift */ = {isa = PBXFileReference; lastKnownFileType = sourcecode.swift; path = SceneDelegate.swift; sourceTree = "<group>"; };
		BFC95662286CC01C002A5827 /* DiscountView.swift */ = {isa = PBXFileReference; lastKnownFileType = sourcecode.swift; path = DiscountView.swift; sourceTree = "<group>"; wrapsLines = 0; };
		BFC95667286CC021002A5827 /* Assets.xcassets */ = {isa = PBXFileReference; lastKnownFileType = folder.assetcatalog; path = Assets.xcassets; sourceTree = "<group>"; };
		BFC9566A286CC021002A5827 /* Base */ = {isa = PBXFileReference; lastKnownFileType = file.storyboard; name = Base; path = Base.lproj/LaunchScreen.storyboard; sourceTree = "<group>"; };
		BFC9566C286CC021002A5827 /* Info.plist */ = {isa = PBXFileReference; lastKnownFileType = text.plist.xml; path = Info.plist; sourceTree = "<group>"; };
/* End PBXFileReference section */

/* Begin PBXFrameworksBuildPhase section */
		BFC95658286CC01C002A5827 /* Frameworks */ = {
			isa = PBXFrameworksBuildPhase;
			buildActionMask = 2147483647;
			files = (
			);
			runOnlyForDeploymentPostprocessing = 0;
		};
/* End PBXFrameworksBuildPhase section */

/* Begin PBXGroup section */
		BFACF64A286DD17B0052352A /* Supporting Files */ = {
			isa = PBXGroup;
			children = (
				BFC2D0092870A3AC00775699 /* UIExtensions */,
				BFC2D0082870A3A000775699 /* Managers */,
				BFC9565E286CC01C002A5827 /* AppDelegate.swift */,
				BFC95660286CC01C002A5827 /* SceneDelegate.swift */,
				BFB11B80287053AC00E73319 /* DevicesList.swift */,
				BFA798262871EF4800834DC3 /* Constants.swift */,
				BFC95667286CC021002A5827 /* Assets.xcassets */,
				BFC95669286CC021002A5827 /* LaunchScreen.storyboard */,
				BFC9566C286CC021002A5827 /* Info.plist */,
			);
			path = "Supporting Files";
			sourceTree = "<group>";
		};
		BFAD9E79286E2C210046B15C /* MainScene */ = {
			isa = PBXGroup;
			children = (
				BFC2D00028707FAF00775699 /* View */,
				BFC2D0012870800B00775699 /* Presenter */,
			);
			path = MainScene;
			sourceTree = "<group>";
		};
		BFC2D00028707FAF00775699 /* View */ = {
			isa = PBXGroup;
			children = (
				BFC95662286CC01C002A5827 /* DiscountView.swift */,
				BFACF646286CF8CD0052352A /* TimerView.swift */,
			);
			path = View;
			sourceTree = "<group>";
		};
		BFC2D0012870800B00775699 /* Presenter */ = {
			isa = PBXGroup;
			children = (
				BFC2D0022870800B00775699 /* DiscountPresenter.swift */,
			);
			path = Presenter;
			sourceTree = "<group>";
		};
		BFC2D0082870A3A000775699 /* Managers */ = {
			isa = PBXGroup;
			children = (
				BFACF64D286DD9980052352A /* TimerManager.swift */,
			);
			path = Managers;
			sourceTree = "<group>";
		};
		BFC2D0092870A3AC00775699 /* UIExtensions */ = {
			isa = PBXGroup;
			children = (
				BFACF64B286DD18E0052352A /* LabelExtansions.swift */,
				BFBFE5FA286F9FF500CC8EAB /* GradientButton.swift */,
			);
			path = UIExtensions;
			sourceTree = "<group>";
		};
		BFC2D00A2870B56800775699 /* PopupScene */ = {
			isa = PBXGroup;
			children = (
				BFC2D00C2870B65400775699 /* Presenter */,
				BFC2D00B2870B57500775699 /* View */,
			);
			path = PopupScene;
			sourceTree = "<group>";
		};
		BFC2D00B2870B57500775699 /* View */ = {
			isa = PBXGroup;
			children = (
				BFACF648286DC63B0052352A /* OfferActivatedView.swift */,
			);
			path = View;
			sourceTree = "<group>";
		};
		BFC2D00C2870B65400775699 /* Presenter */ = {
			isa = PBXGroup;
			children = (
				BFC2D00D2870B66700775699 /* PopupPresenter.swift */,
			);
			path = Presenter;
			sourceTree = "<group>";
		};
		BFC2D00F2870B9B700775699 /* Scenes */ = {
			isa = PBXGroup;
			children = (
				BFC2D004287080F200775699 /* ModuleBuilder.swift */,
				BFC2D005287080F200775699 /* Router.swift */,
				BFC2D00A2870B56800775699 /* PopupScene */,
				BFAD9E79286E2C210046B15C /* MainScene */,
			);
			path = Scenes;
			sourceTree = "<group>";
		};
		BFC95652286CC01C002A5827 = {
			isa = PBXGroup;
			children = (
				BFC9565D286CC01C002A5827 /* Gismart_Test */,
				BFC9565C286CC01C002A5827 /* Products */,
			);
			sourceTree = "<group>";
		};
		BFC9565C286CC01C002A5827 /* Products */ = {
			isa = PBXGroup;
			children = (
				BFC9565B286CC01C002A5827 /* Gismart_Test.app */,
			);
			name = Products;
			sourceTree = "<group>";
		};
		BFC9565D286CC01C002A5827 /* Gismart_Test */ = {
			isa = PBXGroup;
			children = (
				BFC2D00F2870B9B700775699 /* Scenes */,
				BFACF64A286DD17B0052352A /* Supporting Files */,
			);
			path = Gismart_Test;
			sourceTree = "<group>";
		};
/* End PBXGroup section */

/* Begin PBXNativeTarget section */
		BFC9565A286CC01C002A5827 /* Gismart_Test */ = {
			isa = PBXNativeTarget;
			buildConfigurationList = BFC9566F286CC021002A5827 /* Build configuration list for PBXNativeTarget "Gismart_Test" */;
			buildPhases = (
				BFC95657286CC01C002A5827 /* Sources */,
				BFC95658286CC01C002A5827 /* Frameworks */,
				BFC95659286CC01C002A5827 /* Resources */,
			);
			buildRules = (
			);
			dependencies = (
			);
			name = Gismart_Test;
			productName = Gismart_Test;
			productReference = BFC9565B286CC01C002A5827 /* Gismart_Test.app */;
			productType = "com.apple.product-type.application";
		};
/* End PBXNativeTarget section */

/* Begin PBXProject section */
		BFC95653286CC01C002A5827 /* Project object */ = {
			isa = PBXProject;
			attributes = {
				BuildIndependentTargetsInParallel = 1;
				LastSwiftUpdateCheck = 1340;
				LastUpgradeCheck = 1340;
				TargetAttributes = {
					BFC9565A286CC01C002A5827 = {
						CreatedOnToolsVersion = 13.4;
					};
				};
			};
			buildConfigurationList = BFC95656286CC01C002A5827 /* Build configuration list for PBXProject "Gismart_Test" */;
			compatibilityVersion = "Xcode 13.0";
			developmentRegion = en;
			hasScannedForEncodings = 0;
			knownRegions = (
				en,
				Base,
			);
			mainGroup = BFC95652286CC01C002A5827;
			productRefGroup = BFC9565C286CC01C002A5827 /* Products */;
			projectDirPath = "";
			projectRoot = "";
			targets = (
				BFC9565A286CC01C002A5827 /* Gismart_Test */,
			);
		};
/* End PBXProject section */

/* Begin PBXResourcesBuildPhase section */
		BFC95659286CC01C002A5827 /* Resources */ = {
			isa = PBXResourcesBuildPhase;
			buildActionMask = 2147483647;
			files = (
				BFC9566B286CC021002A5827 /* LaunchScreen.storyboard in Resources */,
				BFC95668286CC021002A5827 /* Assets.xcassets in Resources */,
			);
			runOnlyForDeploymentPostprocessing = 0;
		};
/* End PBXResourcesBuildPhase section */

/* Begin PBXSourcesBuildPhase section */
		BFC95657286CC01C002A5827 /* Sources */ = {
			isa = PBXSourcesBuildPhase;
			buildActionMask = 2147483647;
			files = (
				BFC95663286CC01C002A5827 /* DiscountView.swift in Sources */,
				BFC9565F286CC01C002A5827 /* AppDelegate.swift in Sources */,
				BFC95661286CC01C002A5827 /* SceneDelegate.swift in Sources */,
				BFACF649286DC63B0052352A /* OfferActivatedView.swift in Sources */,
				BFC2D00E2870B66700775699 /* PopupPresenter.swift in Sources */,
				BFC2D007287080F200775699 /* Router.swift in Sources */,
				BFC2D006287080F200775699 /* ModuleBuilder.swift in Sources */,
				BFACF64C286DD18E0052352A /* LabelExtansions.swift in Sources */,
				BFB11B81287053AC00E73319 /* DevicesList.swift in Sources */,
				BFC2D0032870800B00775699 /* DiscountPresenter.swift in Sources */,
				BFBFE5FB286F9FF500CC8EAB /* GradientButton.swift in Sources */,
				BFA798272871EF4800834DC3 /* Constants.swift in Sources */,
				BFACF64E286DD9980052352A /* TimerManager.swift in Sources */,
				BFACF647286CF8CD0052352A /* TimerView.swift in Sources */,
			);
			runOnlyForDeploymentPostprocessing = 0;
		};
/* End PBXSourcesBuildPhase section */

/* Begin PBXVariantGroup section */
		BFC95669286CC021002A5827 /* LaunchScreen.storyboard */ = {
			isa = PBXVariantGroup;
			children = (
				BFC9566A286CC021002A5827 /* Base */,
			);
			name = LaunchScreen.storyboard;
			sourceTree = "<group>";
		};
/* End PBXVariantGroup section */

/* Begin XCBuildConfiguration section */
		BFC9566D286CC021002A5827 /* Debug */ = {
			isa = XCBuildConfiguration;
			buildSettings = {
				ALWAYS_SEARCH_USER_PATHS = NO;
				CLANG_ANALYZER_NONNULL = YES;
				CLANG_ANALYZER_NUMBER_OBJECT_CONVERSION = YES_AGGRESSIVE;
				CLANG_CXX_LANGUAGE_STANDARD = "gnu++17";
				CLANG_ENABLE_MODULES = YES;
				CLANG_ENABLE_OBJC_ARC = YES;
				CLANG_ENABLE_OBJC_WEAK = YES;
				CLANG_WARN_BLOCK_CAPTURE_AUTORELEASING = YES;
				CLANG_WARN_BOOL_CONVERSION = YES;
				CLANG_WARN_COMMA = YES;
				CLANG_WARN_CONSTANT_CONVERSION = YES;
				CLANG_WARN_DEPRECATED_OBJC_IMPLEMENTATIONS = YES;
				CLANG_WARN_DIRECT_OBJC_ISA_USAGE = YES_ERROR;
				CLANG_WARN_DOCUMENTATION_COMMENTS = YES;
				CLANG_WARN_EMPTY_BODY = YES;
				CLANG_WARN_ENUM_CONVERSION = YES;
				CLANG_WARN_INFINITE_RECURSION = YES;
				CLANG_WARN_INT_CONVERSION = YES;
				CLANG_WARN_NON_LITERAL_NULL_CONVERSION = YES;
				CLANG_WARN_OBJC_IMPLICIT_RETAIN_SELF = YES;
				CLANG_WARN_OBJC_LITERAL_CONVERSION = YES;
				CLANG_WARN_OBJC_ROOT_CLASS = YES_ERROR;
				CLANG_WARN_QUOTED_INCLUDE_IN_FRAMEWORK_HEADER = YES;
				CLANG_WARN_RANGE_LOOP_ANALYSIS = YES;
				CLANG_WARN_STRICT_PROTOTYPES = YES;
				CLANG_WARN_SUSPICIOUS_MOVE = YES;
				CLANG_WARN_UNGUARDED_AVAILABILITY = YES_AGGRESSIVE;
				CLANG_WARN_UNREACHABLE_CODE = YES;
				CLANG_WARN__DUPLICATE_METHOD_MATCH = YES;
				COPY_PHASE_STRIP = NO;
				DEBUG_INFORMATION_FORMAT = dwarf;
				ENABLE_STRICT_OBJC_MSGSEND = YES;
				ENABLE_TESTABILITY = YES;
				GCC_C_LANGUAGE_STANDARD = gnu11;
				GCC_DYNAMIC_NO_PIC = NO;
				GCC_NO_COMMON_BLOCKS = YES;
				GCC_OPTIMIZATION_LEVEL = 0;
				GCC_PREPROCESSOR_DEFINITIONS = (
					"DEBUG=1",
					"$(inherited)",
				);
				GCC_WARN_64_TO_32_BIT_CONVERSION = YES;
				GCC_WARN_ABOUT_RETURN_TYPE = YES_ERROR;
				GCC_WARN_UNDECLARED_SELECTOR = YES;
				GCC_WARN_UNINITIALIZED_AUTOS = YES_AGGRESSIVE;
				GCC_WARN_UNUSED_FUNCTION = YES;
				GCC_WARN_UNUSED_VARIABLE = YES;
				IPHONEOS_DEPLOYMENT_TARGET = 9.3;
				MTL_ENABLE_DEBUG_INFO = INCLUDE_SOURCE;
				MTL_FAST_MATH = YES;
				ONLY_ACTIVE_ARCH = YES;
				SDKROOT = iphoneos;
				SWIFT_ACTIVE_COMPILATION_CONDITIONS = DEBUG;
				SWIFT_OPTIMIZATION_LEVEL = "-Onone";
			};
			name = Debug;
		};
		BFC9566E286CC021002A5827 /* Release */ = {
			isa = XCBuildConfiguration;
			buildSettings = {
				ALWAYS_SEARCH_USER_PATHS = NO;
				CLANG_ANALYZER_NONNULL = YES;
				CLANG_ANALYZER_NUMBER_OBJECT_CONVERSION = YES_AGGRESSIVE;
				CLANG_CXX_LANGUAGE_STANDARD = "gnu++17";
				CLANG_ENABLE_MODULES = YES;
				CLANG_ENABLE_OBJC_ARC = YES;
				CLANG_ENABLE_OBJC_WEAK = YES;
				CLANG_WARN_BLOCK_CAPTURE_AUTORELEASING = YES;
				CLANG_WARN_BOOL_CONVERSION = YES;
				CLANG_WARN_COMMA = YES;
				CLANG_WARN_CONSTANT_CONVERSION = YES;
				CLANG_WARN_DEPRECATED_OBJC_IMPLEMENTATIONS = YES;
				CLANG_WARN_DIRECT_OBJC_ISA_USAGE = YES_ERROR;
				CLANG_WARN_DOCUMENTATION_COMMENTS = YES;
				CLANG_WARN_EMPTY_BODY = YES;
				CLANG_WARN_ENUM_CONVERSION = YES;
				CLANG_WARN_INFINITE_RECURSION = YES;
				CLANG_WARN_INT_CONVERSION = YES;
				CLANG_WARN_NON_LITERAL_NULL_CONVERSION = YES;
				CLANG_WARN_OBJC_IMPLICIT_RETAIN_SELF = YES;
				CLANG_WARN_OBJC_LITERAL_CONVERSION = YES;
				CLANG_WARN_OBJC_ROOT_CLASS = YES_ERROR;
				CLANG_WARN_QUOTED_INCLUDE_IN_FRAMEWORK_HEADER = YES;
				CLANG_WARN_RANGE_LOOP_ANALYSIS = YES;
				CLANG_WARN_STRICT_PROTOTYPES = YES;
				CLANG_WARN_SUSPICIOUS_MOVE = YES;
				CLANG_WARN_UNGUARDED_AVAILABILITY = YES_AGGRESSIVE;
				CLANG_WARN_UNREACHABLE_CODE = YES;
				CLANG_WARN__DUPLICATE_METHOD_MATCH = YES;
				COPY_PHASE_STRIP = NO;
				DEBUG_INFORMATION_FORMAT = "dwarf-with-dsym";
				ENABLE_NS_ASSERTIONS = NO;
				ENABLE_STRICT_OBJC_MSGSEND = YES;
				GCC_C_LANGUAGE_STANDARD = gnu11;
				GCC_NO_COMMON_BLOCKS = YES;
				GCC_WARN_64_TO_32_BIT_CONVERSION = YES;
				GCC_WARN_ABOUT_RETURN_TYPE = YES_ERROR;
				GCC_WARN_UNDECLARED_SELECTOR = YES;
				GCC_WARN_UNINITIALIZED_AUTOS = YES_AGGRESSIVE;
				GCC_WARN_UNUSED_FUNCTION = YES;
				GCC_WARN_UNUSED_VARIABLE = YES;
				IPHONEOS_DEPLOYMENT_TARGET = 9.3;
				MTL_ENABLE_DEBUG_INFO = NO;
				MTL_FAST_MATH = YES;
				SDKROOT = iphoneos;
				SWIFT_COMPILATION_MODE = wholemodule;
				SWIFT_OPTIMIZATION_LEVEL = "-O";
				VALIDATE_PRODUCT = YES;
			};
			name = Release;
		};
		BFC95670286CC021002A5827 /* Debug */ = {
			isa = XCBuildConfiguration;
			buildSettings = {
				ASSETCATALOG_COMPILER_APPICON_NAME = AppIcon;
				ASSETCATALOG_COMPILER_GLOBAL_ACCENT_COLOR_NAME = AccentColor;
				CODE_SIGN_STYLE = Automatic;
				CURRENT_PROJECT_VERSION = 1;
				DEVELOPMENT_TEAM = WN5VMWRJC6;
				GENERATE_INFOPLIST_FILE = YES;
				INFOPLIST_FILE = "Gismart_Test/Supporting Files/Info.plist";
				INFOPLIST_KEY_UIApplicationSupportsIndirectInputEvents = YES;
				INFOPLIST_KEY_UILaunchStoryboardName = LaunchScreen;
				INFOPLIST_KEY_UIRequiresFullScreen = YES;
				INFOPLIST_KEY_UISupportedInterfaceOrientations = "UIInterfaceOrientationLandscapeLeft UIInterfaceOrientationLandscapeRight";
				INFOPLIST_KEY_UISupportedInterfaceOrientations_iPad = "UIInterfaceOrientationLandscapeRight UIInterfaceOrientationLandscapeLeft";
				INFOPLIST_KEY_UISupportedInterfaceOrientations_iPhone = "UIInterfaceOrientationLandscapeRight UIInterfaceOrientationLandscapeLeft";
				IPHONEOS_DEPLOYMENT_TARGET = 15.5;
				LD_RUNPATH_SEARCH_PATHS = (
					"$(inherited)",
					"@executable_path/Frameworks",
				);
				MARKETING_VERSION = 1.0;
				PRODUCT_BUNDLE_IDENTIFIER = "Marchanka.Gismart-Test";
				PRODUCT_NAME = "$(TARGET_NAME)";
				SWIFT_EMIT_LOC_STRINGS = YES;
				SWIFT_VERSION = 5.0;
				TARGETED_DEVICE_FAMILY = "1,2";
			};
			name = Debug;
		};
		BFC95671286CC021002A5827 /* Release */ = {
			isa = XCBuildConfiguration;
			buildSettings = {
				ASSETCATALOG_COMPILER_APPICON_NAME = AppIcon;
				ASSETCATALOG_COMPILER_GLOBAL_ACCENT_COLOR_NAME = AccentColor;
				CODE_SIGN_STYLE = Automatic;
				CURRENT_PROJECT_VERSION = 1;
				DEVELOPMENT_TEAM = WN5VMWRJC6;
				GENERATE_INFOPLIST_FILE = YES;
				INFOPLIST_FILE = "Gismart_Test/Supporting Files/Info.plist";
				INFOPLIST_KEY_UIApplicationSupportsIndirectInputEvents = YES;
				INFOPLIST_KEY_UILaunchStoryboardName = LaunchScreen;
				INFOPLIST_KEY_UIRequiresFullScreen = YES;
				INFOPLIST_KEY_UISupportedInterfaceOrientations = "UIInterfaceOrientationLandscapeLeft UIInterfaceOrientationLandscapeRight";
				INFOPLIST_KEY_UISupportedInterfaceOrientations_iPad = "UIInterfaceOrientationLandscapeRight UIInterfaceOrientationLandscapeLeft";
				INFOPLIST_KEY_UISupportedInterfaceOrientations_iPhone = "UIInterfaceOrientationLandscapeRight UIInterfaceOrientationLandscapeLeft";
				IPHONEOS_DEPLOYMENT_TARGET = 15.5;
				LD_RUNPATH_SEARCH_PATHS = (
					"$(inherited)",
					"@executable_path/Frameworks",
				);
				MARKETING_VERSION = 1.0;
				PRODUCT_BUNDLE_IDENTIFIER = "Marchanka.Gismart-Test";
				PRODUCT_NAME = "$(TARGET_NAME)";
				SWIFT_EMIT_LOC_STRINGS = YES;
				SWIFT_VERSION = 5.0;
				TARGETED_DEVICE_FAMILY = "1,2";
			};
			name = Release;
		};
/* End XCBuildConfiguration section */

/* Begin XCConfigurationList section */
		BFC95656286CC01C002A5827 /* Build configuration list for PBXProject "Gismart_Test" */ = {
			isa = XCConfigurationList;
			buildConfigurations = (
				BFC9566D286CC021002A5827 /* Debug */,
				BFC9566E286CC021002A5827 /* Release */,
			);
			defaultConfigurationIsVisible = 0;
			defaultConfigurationName = Release;
		};
		BFC9566F286CC021002A5827 /* Build configuration list for PBXNativeTarget "Gismart_Test" */ = {
			isa = XCConfigurationList;
			buildConfigurations = (
				BFC95670286CC021002A5827 /* Debug */,
				BFC95671286CC021002A5827 /* Release */,
			);
			defaultConfigurationIsVisible = 0;
			defaultConfigurationName = Release;
		};
/* End XCConfigurationList section */
	};
	rootObject = BFC95653286CC01C002A5827 /* Project object */;
}
